version: 6
environments:
  default:
    channels:
    - url: https://conda.anaconda.org/conda-forge/
    indexes:
    - https://pypi.org/simple
    packages:
      osx-arm64:
      - conda: https://conda.anaconda.org/conda-forge/osx-arm64/bzip2-1.0.8-hd037594_8.conda
      - conda: https://conda.anaconda.org/conda-forge/noarch/ca-certificates-2025.11.12-hbd8a1cb_0.conda
      - conda: https://conda.anaconda.org/conda-forge/osx-arm64/libexpat-2.7.3-haf25636_0.conda
      - conda: https://conda.anaconda.org/conda-forge/osx-arm64/libffi-3.5.2-he5f378a_0.conda
      - conda: https://conda.anaconda.org/conda-forge/osx-arm64/liblzma-5.8.1-h39f12f2_2.conda
      - conda: https://conda.anaconda.org/conda-forge/osx-arm64/libmpdec-4.0.0-h5505292_0.conda
      - conda: https://conda.anaconda.org/conda-forge/osx-arm64/libsqlite-3.51.1-h9a5124b_0.conda
      - conda: https://conda.anaconda.org/conda-forge/osx-arm64/libzlib-1.3.1-h8359307_2.conda
      - conda: https://conda.anaconda.org/conda-forge/osx-arm64/ncurses-6.5-h5e97a16_3.conda
      - conda: https://conda.anaconda.org/conda-forge/osx-arm64/openssl-3.6.0-h5503f6c_0.conda
      - conda: https://conda.anaconda.org/conda-forge/osx-arm64/python-3.14.1-h40d2674_100_cp314.conda
      - conda: https://conda.anaconda.org/conda-forge/noarch/python_abi-3.14-8_cp314.conda
      - conda: https://conda.anaconda.org/conda-forge/osx-arm64/readline-8.2-h1d1bf99_2.conda
      - conda: https://conda.anaconda.org/conda-forge/osx-arm64/tk-8.6.13-h892fb3f_3.conda
      - conda: https://conda.anaconda.org/conda-forge/noarch/tzdata-2025b-h78e105d_0.conda
      - conda: https://conda.anaconda.org/conda-forge/osx-arm64/zstd-1.5.7-hbf9d68e_6.conda
      - pypi: https://files.pythonhosted.org/packages/78/b6/6307fbef88d9b5ee7421e68d78a9f162e0da4900bc5f5793f6d3d0e34fb8/annotated_types-0.7.0-py3-none-any.whl
      - pypi: https://files.pythonhosted.org/packages/7f/9c/36c5c37947ebfb8c7f22e0eb6e4d188ee2d53aa3880f3f2744fb894f0cb1/anyio-4.12.0-py3-none-any.whl
      - pypi: https://files.pythonhosted.org/packages/70/7d/9bc192684cea499815ff478dfcdc13835ddf401365057044fb721ec6bddb/certifi-2025.11.12-py3-none-any.whl
      - pypi: https://files.pythonhosted.org/packages/98/78/01c019cdb5d6498122777c1a43056ebb3ebfeef2076d9d026bfe15583b2b/click-8.3.1-py3-none-any.whl
      - pypi: https://files.pythonhosted.org/packages/12/b3/231ffd4ab1fc9d679809f356cebee130ac7daa00d6d6f3206dd4fd137e9e/distro-1.9.0-py3-none-any.whl
      - pypi: https://files.pythonhosted.org/packages/ba/5a/18ad964b0086c6e62e2e7500f7edc89e3faa45033c71c1893d34eed2b2de/dnspython-2.8.0-py3-none-any.whl
      - pypi: https://files.pythonhosted.org/packages/de/15/545e2b6cf2e3be84bc1ed85613edd75b8aea69807a71c26f4ca6a9258e82/email_validator-2.3.0-py3-none-any.whl
      - pypi: https://files.pythonhosted.org/packages/04/4b/29cac41a4d98d144bf5f6d33995617b185d14b22401f75ca86f384e87ff1/h11-0.16.0-py3-none-any.whl
      - pypi: https://files.pythonhosted.org/packages/7e/f5/f66802a942d491edb555dd61e3a9961140fd64c90bce1eafd741609d334d/httpcore-1.0.9-py3-none-any.whl
      - pypi: https://files.pythonhosted.org/packages/2a/39/e50c7c3a983047577ee07d2a9e53faf5a69493943ec3f6a384bdc792deb2/httpx-0.28.1-py3-none-any.whl
      - pypi: https://files.pythonhosted.org/packages/0e/61/66938bbb5fc52dbdf84594873d5b51fb1f7c7794e9c0f5bd885f30bc507b/idna-3.11-py3-none-any.whl
      - pypi: https://files.pythonhosted.org/packages/62/a1/3d680cbfd5f4b8f15abc1d571870c5fc3e594bb582bc3b64ea099db13e56/jinja2-3.1.6-py3-none-any.whl
      - pypi: https://files.pythonhosted.org/packages/4c/a7/54ae75613ba9e0f55fcb0bc5d1f807823b5167cc944e9333ff322e9f07dd/jiter-0.12.0-cp314-cp314-macosx_11_0_arm64.whl
      - pypi: https://files.pythonhosted.org/packages/70/81/54e3ce63502cd085a0c556652a4e1b919c45a446bd1e5300e10c44c8c521/markdown-3.10-py3-none-any.whl
      - pypi: https://files.pythonhosted.org/packages/94/54/e7d793b573f298e1c9013b8c4dade17d481164aa517d1d7148619c2cedbf/markdown_it_py-4.0.0-py3-none-any.whl
      - pypi: https://files.pythonhosted.org/packages/b5/64/7660f8a4a8e53c924d0fa05dc3a55c9cee10bbd82b11c5afb27d44b096ce/markupsafe-3.0.3-cp314-cp314-macosx_11_0_arm64.whl
      - pypi: https://files.pythonhosted.org/packages/b3/38/89ba8ad64ae25be8de66a6d463314cf1eb366222074cfda9ee839c56a4b4/mdurl-0.1.2-py3-none-any.whl
      - pypi: https://files.pythonhosted.org/packages/59/fd/ae2da789cd923dd033c99b8d544071a827c92046b150db01cfa5cea5b3fd/openai-2.9.0-py3-none-any.whl
      - pypi: https://files.pythonhosted.org/packages/20/12/38679034af332785aac8774540895e234f4d07f7545804097de4b666afd8/packaging-25.0-py3-none-any.whl
      - pypi: https://files.pythonhosted.org/packages/90/b0/e3fd0ae68bc51593ef6f77a44901d1fa14c1b230cdce848b50ed10881ca3/phonenumbers-9.0.20-py2.py3-none-any.whl
      - pypi: https://files.pythonhosted.org/packages/b1/ec/1fb891d8a2660716aadb2143235481d15ed1cbfe3ad669194690b0604492/pycountry-24.6.1-py3-none-any.whl
      - pypi: https://files.pythonhosted.org/packages/5a/87/b70ad306ebb6f9b585f114d0ac2137d792b48be34d732d60e597c2f8465a/pydantic-2.12.5-py3-none-any.whl
      - pypi: https://files.pythonhosted.org/packages/74/1a/145646e5687e8d9a1e8d09acb278c8535ebe9e972e1f162ed338a622f193/pydantic_core-2.41.5-cp314-cp314-macosx_11_0_arm64.whl
      - pypi: https://files.pythonhosted.org/packages/93/04/5c918669096da8d1c9ec7bb716bd72e755526103a61bc5e76a3e4fb23b53/pydantic_extra_types-2.10.6-py3-none-any.whl
      - pypi: https://files.pythonhosted.org/packages/c7/21/705964c7812476f378728bdf590ca4b771ec72385c533964653c68e86bdc/pygments-2.19.2-py3-none-any.whl
      - pypi: https://files.pythonhosted.org/packages/66/11/00a0d4eb26a5fad711a2f2ba085a50e5e419d13c5769f2de9bc17b553645/rendercv-2.3-py3-none-any.whl
      - pypi: https://files.pythonhosted.org/packages/c2/4b/0181adcf5e3f76738e8d585d074d3afa39b35eaaf8d917346a1dd4a32445/rendercv_fonts-0.4.0-py3-none-any.whl
      - pypi: https://files.pythonhosted.org/packages/25/7a/b0178788f8dc6cafce37a212c99565fa1fe7872c70c6c9c1e1a372d9d88f/rich-14.2.0-py3-none-any.whl
      - pypi: https://files.pythonhosted.org/packages/0f/73/bb1bc2529f852e7bf64a2dec885e89ff9f5cc7bbf6c9340eed30ff2c69c5/ruamel.yaml-0.18.16-py3-none-any.whl
      - pypi: https://files.pythonhosted.org/packages/e0/f9/0595336914c5619e5f28a1fb793285925a8cd4b432c9da0a987836c7f822/shellingham-1.5.4-py2.py3-none-any.whl
      - pypi: https://files.pythonhosted.org/packages/e9/44/75a9c9421471a6c4805dbf2356f7c181a29c1879239abab1ea2cc8f38b40/sniffio-1.3.1-py3-none-any.whl
      - pypi: https://files.pythonhosted.org/packages/d0/30/dc54f88dd4a2b5dc8a0279bdd7270e735851848b762aeb1c1184ed1f6b14/tqdm-4.67.1-py3-none-any.whl
      - pypi: https://files.pythonhosted.org/packages/78/64/7713ffe4b5983314e9d436a90d5bd4f63b6054e2aca783a3cfc44cb95bbf/typer-0.20.0-py3-none-any.whl
      - pypi: https://files.pythonhosted.org/packages/18/67/36e9267722cc04a6b9f15c7f3441c2363321a3ea07da7ae0c0707beb2a9c/typing_extensions-4.15.0-py3-none-any.whl
      - pypi: https://files.pythonhosted.org/packages/dc/9b/47798a6c91d8bdb567fe2698fe81e0c6b7cb7ef4d13da4114b41d239f65d/typing_inspection-0.4.2-py3-none-any.whl
      - pypi: https://files.pythonhosted.org/packages/fa/de/b0561b7f78b1ea06eb0205630581cd5133c4472126e1a37e50e3f368d6e7/typst-0.14.4-cp38-abi3-macosx_11_0_arm64.whl
      - pypi: https://files.pythonhosted.org/packages/db/7d/7f3d619e951c88ed75c6037b246ddcf2d322812ee8ea189be89511721d54/watchdog-6.0.0.tar.gz
packages:
- pypi: https://files.pythonhosted.org/packages/78/b6/6307fbef88d9b5ee7421e68d78a9f162e0da4900bc5f5793f6d3d0e34fb8/annotated_types-0.7.0-py3-none-any.whl
  name: annotated-types
  version: 0.7.0
  sha256: 1f02e8b43a8fbbc3f3e0d4f0f4bfc8131bcb4eebe8849b8e5c773f3a1c582a53
  requires_dist:
  - typing-extensions>=4.0.0 ; python_full_version < '3.9'
  requires_python: '>=3.8'
- pypi: https://files.pythonhosted.org/packages/7f/9c/36c5c37947ebfb8c7f22e0eb6e4d188ee2d53aa3880f3f2744fb894f0cb1/anyio-4.12.0-py3-none-any.whl
  name: anyio
  version: 4.12.0
  sha256: dad2376a628f98eeca4881fc56cd06affd18f659b17a747d3ff0307ced94b1bb
  requires_dist:
  - exceptiongroup>=1.0.2 ; python_full_version < '3.11'
  - idna>=2.8
  - typing-extensions>=4.5 ; python_full_version < '3.13'
  - trio>=0.32.0 ; python_full_version >= '3.10' and extra == 'trio'
  - trio>=0.31.0 ; python_full_version < '3.10' and extra == 'trio'
  requires_python: '>=3.9'
- conda: https://conda.anaconda.org/conda-forge/osx-arm64/bzip2-1.0.8-hd037594_8.conda
  sha256: b456200636bd5fecb2bec63f7e0985ad2097cf1b83d60ce0b6968dffa6d02aa1
  md5: 58fd217444c2a5701a44244faf518206
  depends:
  - __osx >=11.0
  license: bzip2-1.0.6
  license_family: BSD
  purls: []
  size: 125061
  timestamp: 1757437486465
- conda: https://conda.anaconda.org/conda-forge/noarch/ca-certificates-2025.11.12-hbd8a1cb_0.conda
  sha256: b986ba796d42c9d3265602bc038f6f5264095702dd546c14bc684e60c385e773
  md5: f0991f0f84902f6b6009b4d2350a83aa
  depends:
  - __unix
  license: ISC
  purls: []
  size: 152432
  timestamp: 1762967197890
- pypi: https://files.pythonhosted.org/packages/70/7d/9bc192684cea499815ff478dfcdc13835ddf401365057044fb721ec6bddb/certifi-2025.11.12-py3-none-any.whl
  name: certifi
  version: 2025.11.12
  sha256: 97de8790030bbd5c2d96b7ec782fc2f7820ef8dba6db909ccf95449f2d062d4b
  requires_python: '>=3.7'
- pypi: https://files.pythonhosted.org/packages/98/78/01c019cdb5d6498122777c1a43056ebb3ebfeef2076d9d026bfe15583b2b/click-8.3.1-py3-none-any.whl
  name: click
  version: 8.3.1
  sha256: 981153a64e25f12d547d3426c367a4857371575ee7ad18df2a6183ab0545b2a6
  requires_dist:
  - colorama ; sys_platform == 'win32'
  requires_python: '>=3.10'
- pypi: https://files.pythonhosted.org/packages/12/b3/231ffd4ab1fc9d679809f356cebee130ac7daa00d6d6f3206dd4fd137e9e/distro-1.9.0-py3-none-any.whl
  name: distro
  version: 1.9.0
  sha256: 7bffd925d65168f85027d8da9af6bddab658135b840670a223589bc0c8ef02b2
  requires_python: '>=3.6'
- pypi: https://files.pythonhosted.org/packages/ba/5a/18ad964b0086c6e62e2e7500f7edc89e3faa45033c71c1893d34eed2b2de/dnspython-2.8.0-py3-none-any.whl
  name: dnspython
  version: 2.8.0
  sha256: 01d9bbc4a2d76bf0db7c1f729812ded6d912bd318d3b1cf81d30c0f845dbf3af
  requires_dist:
  - black>=25.1.0 ; extra == 'dev'
  - coverage>=7.0 ; extra == 'dev'
  - flake8>=7 ; extra == 'dev'
  - hypercorn>=0.17.0 ; extra == 'dev'
  - mypy>=1.17 ; extra == 'dev'
  - pylint>=3 ; extra == 'dev'
  - pytest-cov>=6.2.0 ; extra == 'dev'
  - pytest>=8.4 ; extra == 'dev'
  - quart-trio>=0.12.0 ; extra == 'dev'
  - sphinx-rtd-theme>=3.0.0 ; extra == 'dev'
  - sphinx>=8.2.0 ; extra == 'dev'
  - twine>=6.1.0 ; extra == 'dev'
  - wheel>=0.45.0 ; extra == 'dev'
  - cryptography>=45 ; extra == 'dnssec'
  - h2>=4.2.0 ; extra == 'doh'
  - httpcore>=1.0.0 ; extra == 'doh'
  - httpx>=0.28.0 ; extra == 'doh'
  - aioquic>=1.2.0 ; extra == 'doq'
  - idna>=3.10 ; extra == 'idna'
  - trio>=0.30 ; extra == 'trio'
  - wmi>=1.5.1 ; sys_platform == 'win32' and extra == 'wmi'
  requires_python: '>=3.10'
- pypi: https://files.pythonhosted.org/packages/de/15/545e2b6cf2e3be84bc1ed85613edd75b8aea69807a71c26f4ca6a9258e82/email_validator-2.3.0-py3-none-any.whl
  name: email-validator
  version: 2.3.0
  sha256: 80f13f623413e6b197ae73bb10bf4eb0908faf509ad8362c5edeb0be7fd450b4
  requires_dist:
  - dnspython>=2.0.0
  - idna>=2.0.0
  requires_python: '>=3.8'
- pypi: https://files.pythonhosted.org/packages/04/4b/29cac41a4d98d144bf5f6d33995617b185d14b22401f75ca86f384e87ff1/h11-0.16.0-py3-none-any.whl
  name: h11
  version: 0.16.0
  sha256: 63cf8bbe7522de3bf65932fda1d9c2772064ffb3dae62d55932da54b31cb6c86
  requires_python: '>=3.8'
- pypi: https://files.pythonhosted.org/packages/7e/f5/f66802a942d491edb555dd61e3a9961140fd64c90bce1eafd741609d334d/httpcore-1.0.9-py3-none-any.whl
  name: httpcore
  version: 1.0.9
  sha256: 2d400746a40668fc9dec9810239072b40b4484b640a8c38fd654a024c7a1bf55
  requires_dist:
  - certifi
  - h11>=0.16
  - anyio>=4.0,<5.0 ; extra == 'asyncio'
  - h2>=3,<5 ; extra == 'http2'
  - socksio==1.* ; extra == 'socks'
  - trio>=0.22.0,<1.0 ; extra == 'trio'
  requires_python: '>=3.8'
- pypi: https://files.pythonhosted.org/packages/2a/39/e50c7c3a983047577ee07d2a9e53faf5a69493943ec3f6a384bdc792deb2/httpx-0.28.1-py3-none-any.whl
  name: httpx
  version: 0.28.1
  sha256: d909fcccc110f8c7faf814ca82a9a4d816bc5a6dbfea25d6591d6985b8ba59ad
  requires_dist:
  - anyio
  - certifi
  - httpcore==1.*
  - idna
  - brotli ; platform_python_implementation == 'CPython' and extra == 'brotli'
  - brotlicffi ; platform_python_implementation != 'CPython' and extra == 'brotli'
  - click==8.* ; extra == 'cli'
  - pygments==2.* ; extra == 'cli'
  - rich>=10,<14 ; extra == 'cli'
  - h2>=3,<5 ; extra == 'http2'
  - socksio==1.* ; extra == 'socks'
  - zstandard>=0.18.0 ; extra == 'zstd'
  requires_python: '>=3.8'
- pypi: https://files.pythonhosted.org/packages/0e/61/66938bbb5fc52dbdf84594873d5b51fb1f7c7794e9c0f5bd885f30bc507b/idna-3.11-py3-none-any.whl
  name: idna
  version: '3.11'
  sha256: 771a87f49d9defaf64091e6e6fe9c18d4833f140bd19464795bc32d966ca37ea
  requires_dist:
  - ruff>=0.6.2 ; extra == 'all'
  - mypy>=1.11.2 ; extra == 'all'
  - pytest>=8.3.2 ; extra == 'all'
  - flake8>=7.1.1 ; extra == 'all'
  requires_python: '>=3.8'
- pypi: https://files.pythonhosted.org/packages/62/a1/3d680cbfd5f4b8f15abc1d571870c5fc3e594bb582bc3b64ea099db13e56/jinja2-3.1.6-py3-none-any.whl
  name: jinja2
  version: 3.1.6
  sha256: 85ece4451f492d0c13c5dd7c13a64681a86afae63a5f347908daf103ce6d2f67
  requires_dist:
  - markupsafe>=2.0
  - babel>=2.7 ; extra == 'i18n'
  requires_python: '>=3.7'
- pypi: https://files.pythonhosted.org/packages/4c/a7/54ae75613ba9e0f55fcb0bc5d1f807823b5167cc944e9333ff322e9f07dd/jiter-0.12.0-cp314-cp314-macosx_11_0_arm64.whl
  name: jiter
  version: 0.12.0
  sha256: 774ff60b27a84a85b27b88cd5583899c59940bcc126caca97eb2a9df6aa00c49
  requires_python: '>=3.9'
- conda: https://conda.anaconda.org/conda-forge/osx-arm64/libexpat-2.7.3-haf25636_0.conda
  sha256: fce22610ecc95e6d149e42a42fbc3cc9d9179bd4eb6232639a60f06e080eec98
  md5: b79875dbb5b1db9a4a22a4520f918e1a
  depends:
  - __osx >=11.0
  constrains:
  - expat 2.7.3.*
  license: MIT
  license_family: MIT
  purls: []
  size: 67800
  timestamp: 1763549994166
- conda: https://conda.anaconda.org/conda-forge/osx-arm64/libffi-3.5.2-he5f378a_0.conda
  sha256: 9b8acdf42df61b7bfe8bdc545c016c29e61985e79748c64ad66df47dbc2e295f
  md5: 411ff7cd5d1472bba0f55c0faf04453b
  depends:
  - __osx >=11.0
  license: MIT
  license_family: MIT
  purls: []
  size: 40251
  timestamp: 1760295839166
- conda: https://conda.anaconda.org/conda-forge/osx-arm64/liblzma-5.8.1-h39f12f2_2.conda
  sha256: 0cb92a9e026e7bd4842f410a5c5c665c89b2eb97794ffddba519a626b8ce7285
  md5: d6df911d4564d77c4374b02552cb17d1
  depends:
  - __osx >=11.0
  constrains:
  - xz 5.8.1.*
  license: 0BSD
  purls: []
  size: 92286
  timestamp: 1749230283517
- conda: https://conda.anaconda.org/conda-forge/osx-arm64/libmpdec-4.0.0-h5505292_0.conda
  sha256: 0a1875fc1642324ebd6c4ac864604f3f18f57fbcf558a8264f6ced028a3c75b2
  md5: 85ccccb47823dd9f7a99d2c7f530342f
  depends:
  - __osx >=11.0
  license: BSD-2-Clause
  license_family: BSD
  purls: []
  size: 71829
  timestamp: 1748393749336
- conda: https://conda.anaconda.org/conda-forge/osx-arm64/libsqlite-3.51.1-h9a5124b_0.conda
  sha256: a46b167447e2a9e38586320c30b29e3b68b6f7e6b873c18d6b1aa2efd2626917
  md5: 67e50e5bd4e5e2310d66b88c4da50096
  depends:
  - __osx >=11.0
  - libzlib >=1.3.1,<2.0a0
  license: blessing
  purls: []
  size: 906292
  timestamp: 1764359907797
- conda: https://conda.anaconda.org/conda-forge/osx-arm64/libzlib-1.3.1-h8359307_2.conda
  sha256: ce34669eadaba351cd54910743e6a2261b67009624dbc7daeeafdef93616711b
  md5: 369964e85dc26bfe78f41399b366c435
  depends:
  - __osx >=11.0
  constrains:
  - zlib 1.3.1 *_2
  license: Zlib
  license_family: Other
  purls: []
  size: 46438
  timestamp: 1727963202283
- pypi: https://files.pythonhosted.org/packages/70/81/54e3ce63502cd085a0c556652a4e1b919c45a446bd1e5300e10c44c8c521/markdown-3.10-py3-none-any.whl
  name: markdown
  version: '3.10'
  sha256: b5b99d6951e2e4948d939255596523444c0e677c669700b1d17aa4a8a464cb7c
  requires_dist:
  - coverage ; extra == 'testing'
  - pyyaml ; extra == 'testing'
  - mkdocs>=1.6 ; extra == 'docs'
  - mkdocs-nature>=0.6 ; extra == 'docs'
  - mdx-gh-links>=0.2 ; extra == 'docs'
  - mkdocstrings[python] ; extra == 'docs'
  - mkdocs-gen-files ; extra == 'docs'
  - mkdocs-section-index ; extra == 'docs'
  - mkdocs-literate-nav ; extra == 'docs'
  requires_python: '>=3.10'
- pypi: https://files.pythonhosted.org/packages/94/54/e7d793b573f298e1c9013b8c4dade17d481164aa517d1d7148619c2cedbf/markdown_it_py-4.0.0-py3-none-any.whl
  name: markdown-it-py
  version: 4.0.0
  sha256: 87327c59b172c5011896038353a81343b6754500a08cd7a4973bb48c6d578147
  requires_dist:
  - mdurl~=0.1
  - psutil ; extra == 'benchmarking'
  - pytest ; extra == 'benchmarking'
  - pytest-benchmark ; extra == 'benchmarking'
  - commonmark~=0.9 ; extra == 'compare'
  - markdown~=3.4 ; extra == 'compare'
  - mistletoe~=1.0 ; extra == 'compare'
  - mistune~=3.0 ; extra == 'compare'
  - panflute~=2.3 ; extra == 'compare'
  - markdown-it-pyrs ; extra == 'compare'
  - linkify-it-py>=1,<3 ; extra == 'linkify'
  - mdit-py-plugins>=0.5.0 ; extra == 'plugins'
  - gprof2dot ; extra == 'profiling'
  - mdit-py-plugins>=0.5.0 ; extra == 'rtd'
  - myst-parser ; extra == 'rtd'
  - pyyaml ; extra == 'rtd'
  - sphinx ; extra == 'rtd'
  - sphinx-copybutton ; extra == 'rtd'
  - sphinx-design ; extra == 'rtd'
  - sphinx-book-theme~=1.0 ; extra == 'rtd'
  - jupyter-sphinx ; extra == 'rtd'
  - ipykernel ; extra == 'rtd'
  - coverage ; extra == 'testing'
  - pytest ; extra == 'testing'
  - pytest-cov ; extra == 'testing'
  - pytest-regressions ; extra == 'testing'
  - requests ; extra == 'testing'
  requires_python: '>=3.10'
- pypi: https://files.pythonhosted.org/packages/b5/64/7660f8a4a8e53c924d0fa05dc3a55c9cee10bbd82b11c5afb27d44b096ce/markupsafe-3.0.3-cp314-cp314-macosx_11_0_arm64.whl
  name: markupsafe
  version: 3.0.3
  sha256: c47a551199eb8eb2121d4f0f15ae0f923d31350ab9280078d1e5f12b249e0026
  requires_python: '>=3.9'
- pypi: https://files.pythonhosted.org/packages/b3/38/89ba8ad64ae25be8de66a6d463314cf1eb366222074cfda9ee839c56a4b4/mdurl-0.1.2-py3-none-any.whl
  name: mdurl
  version: 0.1.2
  sha256: 84008a41e51615a49fc9966191ff91509e3c40b939176e643fd50a5c2196b8f8
  requires_python: '>=3.7'
- conda: https://conda.anaconda.org/conda-forge/osx-arm64/ncurses-6.5-h5e97a16_3.conda
  sha256: 2827ada40e8d9ca69a153a45f7fd14f32b2ead7045d3bbb5d10964898fe65733
  md5: 068d497125e4bf8a66bf707254fff5ae
  depends:
  - __osx >=11.0
  license: X11 AND BSD-3-Clause
  purls: []
  size: 797030
  timestamp: 1738196177597
- pypi: https://files.pythonhosted.org/packages/59/fd/ae2da789cd923dd033c99b8d544071a827c92046b150db01cfa5cea5b3fd/openai-2.9.0-py3-none-any.whl
  name: openai
  version: 2.9.0
  sha256: 0d168a490fbb45630ad508a6f3022013c155a68fd708069b6a1a01a5e8f0ffad
  requires_dist:
  - anyio>=3.5.0,<5
  - distro>=1.7.0,<2
  - httpx>=0.23.0,<1
  - jiter>=0.10.0,<1
  - pydantic>=1.9.0,<3
  - sniffio
  - tqdm>4
  - typing-extensions>=4.11,<5
  - aiohttp ; extra == 'aiohttp'
  - httpx-aiohttp>=0.1.9 ; extra == 'aiohttp'
  - numpy>=1 ; extra == 'datalib'
  - pandas-stubs>=1.1.0.11 ; extra == 'datalib'
  - pandas>=1.2.3 ; extra == 'datalib'
  - websockets>=13,<16 ; extra == 'realtime'
  - numpy>=2.0.2 ; extra == 'voice-helpers'
  - sounddevice>=0.5.1 ; extra == 'voice-helpers'
  requires_python: '>=3.9'
- conda: https://conda.anaconda.org/conda-forge/osx-arm64/openssl-3.6.0-h5503f6c_0.conda
  sha256: ebe93dafcc09e099782fe3907485d4e1671296bc14f8c383cb6f3dfebb773988
  md5: b34dc4172653c13dcf453862f251af2b
  depends:
  - __osx >=11.0
  - ca-certificates
  license: Apache-2.0
  license_family: Apache
  purls: []
  size: 3108371
  timestamp: 1762839712322
- pypi: https://files.pythonhosted.org/packages/20/12/38679034af332785aac8774540895e234f4d07f7545804097de4b666afd8/packaging-25.0-py3-none-any.whl
  name: packaging
  version: '25.0'
  sha256: 29572ef2b1f17581046b3a2227d5c611fb25ec70ca1ba8554b24b0e69331a484
  requires_python: '>=3.8'
- pypi: https://files.pythonhosted.org/packages/90/b0/e3fd0ae68bc51593ef6f77a44901d1fa14c1b230cdce848b50ed10881ca3/phonenumbers-9.0.20-py2.py3-none-any.whl
  name: phonenumbers
  version: 9.0.20
  sha256: 03bf5dd14891891284ba96f803d0e5e7e11b9306a0ec4fdf25756ada39eacb86
- pypi: https://files.pythonhosted.org/packages/b1/ec/1fb891d8a2660716aadb2143235481d15ed1cbfe3ad669194690b0604492/pycountry-24.6.1-py3-none-any.whl
  name: pycountry
  version: 24.6.1
  sha256: f1a4fb391cd7214f8eefd39556d740adcc233c778a27f8942c8dca351d6ce06f
  requires_dist:
  - importlib-resources>5.12.0 ; python_full_version < '3.9'
  requires_python: '>=3.8'
- pypi: https://files.pythonhosted.org/packages/5a/87/b70ad306ebb6f9b585f114d0ac2137d792b48be34d732d60e597c2f8465a/pydantic-2.12.5-py3-none-any.whl
  name: pydantic
  version: 2.12.5
  sha256: e561593fccf61e8a20fc46dfc2dfe075b8be7d0188df33f221ad1f0139180f9d
  requires_dist:
  - annotated-types>=0.6.0
  - pydantic-core==2.41.5
  - typing-extensions>=4.14.1
  - typing-inspection>=0.4.2
  - email-validator>=2.0.0 ; extra == 'email'
  - tzdata ; python_full_version >= '3.9' and sys_platform == 'win32' and extra == 'timezone'
  requires_python: '>=3.9'
- pypi: https://files.pythonhosted.org/packages/74/1a/145646e5687e8d9a1e8d09acb278c8535ebe9e972e1f162ed338a622f193/pydantic_core-2.41.5-cp314-cp314-macosx_11_0_arm64.whl
  name: pydantic-core
  version: 2.41.5
  sha256: 1d1d9764366c73f996edd17abb6d9d7649a7eb690006ab6adbda117717099b14
  requires_dist:
  - typing-extensions>=4.14.1
  requires_python: '>=3.9'
- pypi: https://files.pythonhosted.org/packages/93/04/5c918669096da8d1c9ec7bb716bd72e755526103a61bc5e76a3e4fb23b53/pydantic_extra_types-2.10.6-py3-none-any.whl
  name: pydantic-extra-types
  version: 2.10.6
  sha256: 6106c448316d30abf721b5b9fecc65e983ef2614399a24142d689c7546cc246a
  requires_dist:
  - pydantic>=2.5.2
  - typing-extensions
  - cron-converter>=1.2.2 ; extra == 'all'
  - pendulum>=3.0.0,<4.0.0 ; extra == 'all'
  - phonenumbers>=8,<10 ; extra == 'all'
  - pycountry>=23 ; extra == 'all'
  - pymongo>=4.0.0,<5.0.0 ; extra == 'all'
  - python-ulid>=1,<2 ; python_full_version < '3.9' and extra == 'all'
  - python-ulid>=1,<4 ; python_full_version >= '3.9' and extra == 'all'
  - pytz>=2024.1 ; extra == 'all'
  - semver>=3.0.2 ; extra == 'all'
  - semver~=3.0.2 ; extra == 'all'
  - tzdata>=2024.1 ; extra == 'all'
  - cron-converter>=1.2.2 ; extra == 'cron'
  - pendulum>=3.0.0,<4.0.0 ; extra == 'pendulum'
  - phonenumbers>=8,<10 ; extra == 'phonenumbers'
  - pycountry>=23 ; extra == 'pycountry'
  - python-ulid>=1,<2 ; python_full_version < '3.9' and extra == 'python-ulid'
  - python-ulid>=1,<4 ; python_full_version >= '3.9' and extra == 'python-ulid'
  - semver>=3.0.2 ; extra == 'semver'
  requires_python: '>=3.8'
- pypi: https://files.pythonhosted.org/packages/c7/21/705964c7812476f378728bdf590ca4b771ec72385c533964653c68e86bdc/pygments-2.19.2-py3-none-any.whl
  name: pygments
  version: 2.19.2
  sha256: 86540386c03d588bb81d44bc3928634ff26449851e99741617ecb9037ee5ec0b
  requires_dist:
  - colorama>=0.4.6 ; extra == 'windows-terminal'
  requires_python: '>=3.8'
- conda: https://conda.anaconda.org/conda-forge/osx-arm64/python-3.14.1-h40d2674_100_cp314.conda
  build_number: 100
  sha256: acee733fe5ef5afc006a719db80c2854972df4fb2c2b5f7c598057ef5eb3a5ca
  md5: 40e6e32095ccd58b149c29671055d6fe
  depends:
  - __osx >=11.0
  - bzip2 >=1.0.8,<2.0a0
  - libexpat >=2.7.3,<3.0a0
  - libffi >=3.5.2,<3.6.0a0
  - liblzma >=5.8.1,<6.0a0
  - libmpdec >=4.0.0,<5.0a0
  - libsqlite >=3.51.1,<4.0a0
  - libzlib >=1.3.1,<2.0a0
  - ncurses >=6.5,<7.0a0
  - openssl >=3.5.4,<4.0a0
  - python_abi 3.14.* *_cp314
  - readline >=8.2,<9.0a0
  - tk >=8.6.13,<8.7.0a0
  - tzdata
  - zstd >=1.5.7,<1.6.0a0
  license: Python-2.0
  purls: []
  size: 13623264
  timestamp: 1764758008135
  python_site_packages_path: lib/python3.14/site-packages
- conda: https://conda.anaconda.org/conda-forge/noarch/python_abi-3.14-8_cp314.conda
  build_number: 8
  sha256: ad6d2e9ac39751cc0529dd1566a26751a0bf2542adb0c232533d32e176e21db5
  md5: 0539938c55b6b1a59b560e843ad864a4
  constrains:
  - python 3.14.* *_cp314
  license: BSD-3-Clause
  license_family: BSD
  purls: []
  size: 6989
  timestamp: 1752805904792
- conda: https://conda.anaconda.org/conda-forge/osx-arm64/readline-8.2-h1d1bf99_2.conda
  sha256: 7db04684d3904f6151eff8673270922d31da1eea7fa73254d01c437f49702e34
  md5: 63ef3f6e6d6d5c589e64f11263dc5676
  depends:
  - ncurses >=6.5,<7.0a0
  license: GPL-3.0-only
  license_family: GPL
  purls: []
  size: 252359
  timestamp: 1740379663071
- pypi: https://files.pythonhosted.org/packages/66/11/00a0d4eb26a5fad711a2f2ba085a50e5e419d13c5769f2de9bc17b553645/rendercv-2.3-py3-none-any.whl
  name: rendercv
  version: '2.3'
  sha256: f162785e246e7f41a87a398510cc106cfa316b8846b51ef94503d0f2a19335c9
  requires_dist:
  - jinja2>=3.1.6
  - phonenumbers>=9.0.16
  - email-validator>=2.3.0
  - pydantic>=2.12.3
  - pycountry>=24.6.1
  - pydantic-extra-types>=2.10.6
  - ruamel-yaml>=0.18.16
  - typer>=0.20.0 ; extra == 'full'
  - markdown>=3.9 ; extra == 'full'
  - watchdog>=6.0.0 ; extra == 'full'
  - typst>=0.13.7 ; extra == 'full'
  - packaging>=25.0 ; extra == 'full'
  - rendercv-fonts ; extra == 'full'
  requires_python: '>=3.10'
- pypi: https://files.pythonhosted.org/packages/c2/4b/0181adcf5e3f76738e8d585d074d3afa39b35eaaf8d917346a1dd4a32445/rendercv_fonts-0.4.0-py3-none-any.whl
  name: rendercv-fonts
  version: 0.4.0
  sha256: ffb7051cdbce6c0a23aa0a864ec23f5f2f977beabbe2d4ad4dd5b10a8b38626c
  requires_python: '>=3.10'
- pypi: https://files.pythonhosted.org/packages/25/7a/b0178788f8dc6cafce37a212c99565fa1fe7872c70c6c9c1e1a372d9d88f/rich-14.2.0-py3-none-any.whl
  name: rich
  version: 14.2.0
  sha256: 76bc51fe2e57d2b1be1f96c524b890b816e334ab4c1e45888799bfaab0021edd
  requires_dist:
  - ipywidgets>=7.5.1,<9 ; extra == 'jupyter'
  - markdown-it-py>=2.2.0
  - pygments>=2.13.0,<3.0.0
  requires_python: '>=3.8.0'
- pypi: https://files.pythonhosted.org/packages/0f/73/bb1bc2529f852e7bf64a2dec885e89ff9f5cc7bbf6c9340eed30ff2c69c5/ruamel.yaml-0.18.16-py3-none-any.whl
  name: ruamel-yaml
  version: 0.18.16
  sha256: 048f26d64245bae57a4f9ef6feb5b552a386830ef7a826f235ffb804c59efbba
  requires_dist:
  - ruamel-yaml-clib>=0.2.7 ; python_full_version < '3.14' and platform_python_implementation == 'CPython'
  - ruamel-yaml-jinja2>=0.2 ; extra == 'jinja2'
  - ryd ; extra == 'docs'
  - mercurial>5.7 ; extra == 'docs'
  requires_python: '>=3.8'
- pypi: https://files.pythonhosted.org/packages/e0/f9/0595336914c5619e5f28a1fb793285925a8cd4b432c9da0a987836c7f822/shellingham-1.5.4-py2.py3-none-any.whl
  name: shellingham
  version: 1.5.4
  sha256: 7ecfff8f2fd72616f7481040475a65b2bf8af90a56c89140852d1120324e8686
  requires_python: '>=3.7'
- pypi: https://files.pythonhosted.org/packages/e9/44/75a9c9421471a6c4805dbf2356f7c181a29c1879239abab1ea2cc8f38b40/sniffio-1.3.1-py3-none-any.whl
  name: sniffio
  version: 1.3.1
  sha256: 2f6da418d1f1e0fddd844478f41680e794e6051915791a034ff65e5f100525a2
  requires_python: '>=3.7'
- conda: https://conda.anaconda.org/conda-forge/osx-arm64/tk-8.6.13-h892fb3f_3.conda
  sha256: ad0c67cb03c163a109820dc9ecf77faf6ec7150e942d1e8bb13e5d39dc058ab7
  md5: a73d54a5abba6543cb2f0af1bfbd6851
  depends:
  - __osx >=11.0
  - libzlib >=1.3.1,<2.0a0
  license: TCL
  license_family: BSD
  purls: []
  size: 3125484
  timestamp: 1763055028377
- pypi: https://files.pythonhosted.org/packages/d0/30/dc54f88dd4a2b5dc8a0279bdd7270e735851848b762aeb1c1184ed1f6b14/tqdm-4.67.1-py3-none-any.whl
  name: tqdm
  version: 4.67.1
  sha256: 26445eca388f82e72884e0d580d5464cd801a3ea01e63e5601bdff9ba6a48de2
  requires_dist:
  - colorama ; sys_platform == 'win32'
  - pytest>=6 ; extra == 'dev'
  - pytest-cov ; extra == 'dev'
  - pytest-timeout ; extra == 'dev'
  - pytest-asyncio>=0.24 ; extra == 'dev'
  - nbval ; extra == 'dev'
  - requests ; extra == 'discord'
  - slack-sdk ; extra == 'slack'
  - requests ; extra == 'telegram'
  - ipywidgets>=6 ; extra == 'notebook'
  requires_python: '>=3.7'
- pypi: https://files.pythonhosted.org/packages/78/64/7713ffe4b5983314e9d436a90d5bd4f63b6054e2aca783a3cfc44cb95bbf/typer-0.20.0-py3-none-any.whl
  name: typer
  version: 0.20.0
  sha256: 5b463df6793ec1dca6213a3cf4c0f03bc6e322ac5e16e13ddd622a889489784a
  requires_dist:
  - click>=8.0.0
  - typing-extensions>=3.7.4.3
  - shellingham>=1.3.0
  - rich>=10.11.0
  requires_python: '>=3.8'
- pypi: https://files.pythonhosted.org/packages/18/67/36e9267722cc04a6b9f15c7f3441c2363321a3ea07da7ae0c0707beb2a9c/typing_extensions-4.15.0-py3-none-any.whl
  name: typing-extensions
  version: 4.15.0
  sha256: f0fa19c6845758ab08074a0cfa8b7aecb71c999ca73d62883bc25cc018c4e548
  requires_python: '>=3.9'
- pypi: https://files.pythonhosted.org/packages/dc/9b/47798a6c91d8bdb567fe2698fe81e0c6b7cb7ef4d13da4114b41d239f65d/typing_inspection-0.4.2-py3-none-any.whl
  name: typing-inspection
  version: 0.4.2
  sha256: 4ed1cacbdc298c220f1bd249ed5287caa16f34d44ef4e9c3d0cbad5b521545e7
  requires_dist:
  - typing-extensions>=4.12.0
  requires_python: '>=3.9'
- pypi: https://files.pythonhosted.org/packages/fa/de/b0561b7f78b1ea06eb0205630581cd5133c4472126e1a37e50e3f368d6e7/typst-0.14.4-cp38-abi3-macosx_11_0_arm64.whl
  name: typst
  version: 0.14.4
  sha256: d457a3c45003bd9976450e8412e84dabf0decb0602539acfb7cfd7272e55c8e7
  requires_python: '>=3.8'
- conda: https://conda.anaconda.org/conda-forge/noarch/tzdata-2025b-h78e105d_0.conda
  sha256: 5aaa366385d716557e365f0a4e9c3fca43ba196872abbbe3d56bb610d131e192
  md5: 4222072737ccff51314b5ece9c7d6f5a
  license: LicenseRef-Public-Domain
  purls: []
  size: 122968
  timestamp: 1742727099393
- pypi: https://files.pythonhosted.org/packages/db/7d/7f3d619e951c88ed75c6037b246ddcf2d322812ee8ea189be89511721d54/watchdog-6.0.0.tar.gz
  name: watchdog
  version: 6.0.0
  sha256: 9ddf7c82fda3ae8e24decda1338ede66e1c99883db93711d8fb941eaa2d8c282
  requires_dist:
  - pyyaml>=3.10 ; extra == 'watchmedo'
  requires_python: '>=3.9'
- conda: https://conda.anaconda.org/conda-forge/osx-arm64/zstd-1.5.7-hbf9d68e_6.conda
  sha256: 9485ba49e8f47d2b597dd399e88f4802e100851b27c21d7525625b0b4025a5d9
  md5: ab136e4c34e97f34fb621d2592a393d8
  depends:
  - __osx >=11.0
  - libzlib >=1.3.1,<2.0a0
  license: BSD-3-Clause
  purls: []
  size: 433413
  timestamp: 1764777166076
